
Microsoft Visual Studio Solution File, Format Version 12.00
# Visual Studio Version 16
VisualStudioVersion = 16.0.29123.88
MinimumVisualStudioVersion = 10.0.40219.1
Project("{9A19103F-16F7-4668-BE54-9A1E7A4F7556}") = "MarsRover.App", "MarsRover.App\MarsRover.App.csproj", "{BE3C8F38-E590-42CE-9B05-32707A95B411}"
EndProject
Project("{FAE04EC0-301F-11D3-BF4B-00C04F79EFBC}") = "MarsRover.Business", "MarsRover.Business\MarsRover.Business.csproj", "{AEF83924-5B53-4D98-8688-CD405E1810D9}"
EndProject
Global
	GlobalSection(SolutionConfigurationPlatforms) = preSolution
		Debug|Any CPU = Debug|Any CPU
		Release|Any CPU = Release|Any CPU
	EndGlobalSection
	GlobalSection(ProjectConfigurationPlatforms) = postSolution
		{BE3C8F38-E590-42CE-9B05-32707A95B411}.Debug|Any CPU.ActiveCfg = Debug|Any CPU
		{BE3C8F38-E590-42CE-9B05-32707A95B411}.Debug|Any CPU.Build.0 = Debug|Any CPU
		{BE3C8F38-E590-42CE-9B05-32707A95B411}.Release|Any CPU.ActiveCfg = Release|Any CPU
		{BE3C8F38-E590-42CE-9B05-32707A95B411}.Release|Any CPU.Build.0 = Release|Any CPU
		{AEF83924-5B53-4D98-8688-CD405E1810D9}.Debug|Any CPU.ActiveCfg = Debug|Any CPU
		{AEF83924-5B53-4D98-8688-CD405E1810D9}.Debug|Any CPU.Build.0 = Debug|Any CPU
		{AEF83924-5B53-4D98-8688-CD405E1810D9}.Release|Any CPU.ActiveCfg = Release|Any CPU
		{AEF83924-5B53-4D98-8688-CD405E1810D9}.Release|Any CPU.Build.0 = Release|Any CPU
	EndGlobalSection
	GlobalSection(SolutionProperties) = preSolution
		HideSolutionNode = FALSE
	EndGlobalSection
	GlobalSection(ExtensibilityGlobals) = postSolution
		SolutionGuid = {34565832-BEFE-4BBD-AFFE-70224FAFF8F7}
	EndGlobalSection
EndGlobal
